
Microsoft Visual Studio Solution File, Format Version 12.00
# Visual Studio 14
VisualStudioVersion = 14.0.24720.0
MinimumVisualStudioVersion = 10.0.40219.1
Project("{FAE04EC0-301F-11D3-BF4B-00C04F79EFBC}") = "Auth0-Wcf-Sample", "Auth0-Wcf-Sample\Auth0-Wcf-Sample.csproj", "{0C416CA4-0F5D-482B-882A-B801866417CC}"
EndProject
Global
	GlobalSection(SolutionConfigurationPlatforms) = preSolution
		Debug|Any CPU = Debug|Any CPU
		Release|Any CPU = Release|Any CPU
	EndGlobalSection
	GlobalSection(ProjectConfigurationPlatforms) = postSolution
		{0C416CA4-0F5D-482B-882A-B801866417CC}.Debug|Any CPU.ActiveCfg = Debug|Any CPU
		{0C416CA4-0F5D-482B-882A-B801866417CC}.Debug|Any CPU.Build.0 = Debug|Any CPU
		{0C416CA4-0F5D-482B-882A-B801866417CC}.Release|Any CPU.ActiveCfg = Release|Any CPU
		{0C416CA4-0F5D-482B-882A-B801866417CC}.Release|Any CPU.Build.0 = Release|Any CPU
	EndGlobalSection
	GlobalSection(SolutionProperties) = preSolution
		HideSolutionNode = FALSE
	EndGlobalSection
EndGlobal
