
Microsoft Visual Studio Solution File, Format Version 12.00
# Visual Studio 2012
Project("{FAE04EC0-301F-11D3-BF4B-00C04F79EFBC}") = "Auth0.AspNet.Net45", "Auth0.AspNet.Net45\Auth0.AspNet.Net45.csproj", "{CE1AC153-E5BC-4582-B05F-08623EFA69D1}"
EndProject
Project("{FAE04EC0-301F-11D3-BF4B-00C04F79EFBC}") = "Auth0.AspNet", "Auth0.AspNet\Auth0.AspNet.csproj", "{62176E8B-1C86-41E3-8A5D-308498504375}"
EndProject
Global
	GlobalSection(SolutionConfigurationPlatforms) = preSolution
		Debug|Any CPU = Debug|Any CPU
		Release|Any CPU = Release|Any CPU
	EndGlobalSection
	GlobalSection(ProjectConfigurationPlatforms) = postSolution
		{CE1AC153-E5BC-4582-B05F-08623EFA69D1}.Debug|Any CPU.ActiveCfg = Debug|Any CPU
		{CE1AC153-E5BC-4582-B05F-08623EFA69D1}.Debug|Any CPU.Build.0 = Debug|Any CPU
		{CE1AC153-E5BC-4582-B05F-08623EFA69D1}.Release|Any CPU.ActiveCfg = Release|Any CPU
		{CE1AC153-E5BC-4582-B05F-08623EFA69D1}.Release|Any CPU.Build.0 = Release|Any CPU
		{62176E8B-1C86-41E3-8A5D-308498504375}.Debug|Any CPU.ActiveCfg = Debug|Any CPU
		{62176E8B-1C86-41E3-8A5D-308498504375}.Debug|Any CPU.Build.0 = Debug|Any CPU
		{62176E8B-1C86-41E3-8A5D-308498504375}.Release|Any CPU.ActiveCfg = Release|Any CPU
		{62176E8B-1C86-41E3-8A5D-308498504375}.Release|Any CPU.Build.0 = Release|Any CPU
	EndGlobalSection
	GlobalSection(SolutionProperties) = preSolution
		HideSolutionNode = FALSE
	EndGlobalSection
EndGlobal
